dependencies:
- name: postgresql
  repository: https://charts.bitnami.com/bitnami
  version: 13.2.30
- name: nats
  repository: https://nats-io.github.io/k8s/helm/charts/
  version: 0.19.0
digest: sha256:d09f5845f41a2f5ef0fb13949f3ac12c7ec33b53229000380351596c42d9a3b8
generated: "2025-09-02T19:35:51.674355-07:00"
